Microsoft Visual Studio Solution File, Format Version 12.00
# Visual Studio Version 17
VisualStudioVersion = 17.0.31903.59
MinimumVisualStudioVersion = 10.0.40219.1
Project("{FAE04EC0-301F-11D3-BF4B-00C04F79EFBC}") = "Snapshot.Protocol", "src\Snapshot.Protocol\Snapshot.Protocol.csproj", "{4346526A-D979-5352-B0F5-EFCB8B859339}"
EndProject
Project("{FAE04EC0-301F-11D3-BF4B-00C04F79EFBC}") = "Snapshot.Playwright", "src\Snapshot.Playwright\Snapshot.Playwright.csproj", "{AF8A095B-071D-59DB-A700-97E540157B3F}"
EndProject
Project("{FAE04EC0-301F-11D3-BF4B-00C04F79EFBC}") = "Snapshot.Cli", "src\Snapshot.Cli\Snapshot.Cli.csproj", "{C6C302AC-96EA-5094-925B-259F76A842CD}"
EndProject
Project("{FAE04EC0-301F-11D3-BF4B-00C04F79EFBC}") = "Snapshot.Protocol.Tests", "tests\Snapshot.Protocol.Tests\Snapshot.Protocol.Tests.csproj", "{D962A2E5-1E96-510A-95C7-5D6ADE05C538}"
EndProject
Project("{FAE04EC0-301F-11D3-BF4B-00C04F79EFBC}") = "Snapshot.Archive.Tests", "tests\Snapshot.Archive.Tests\Snapshot.Archive.Tests.csproj", "{EBA4A3AE-BE90-5EC4-AEE1-C06DE9ED91BB}"
EndProject
Project("{FAE04EC0-301F-11D3-BF4B-00C04F79EFBC}") = "Snapshot.EndToEndTests", "tests\Snapshot.EndToEndTests\Snapshot.EndToEndTests.csproj", "{50934ABF-F155-5A7D-8CE5-7CD0CDC01DA5}"
EndProject
Project("{FAE04EC0-301F-11D3-BF4B-00C04F79EFBC}") = "Snapshot.TestHost", "tests\Snapshot.TestHost\Snapshot.TestHost.csproj", "{CE8570C8-3ED1-572C-AA4B-C06D8D4C8854}"
EndProject
Project("{FAE04EC0-301F-11D3-BF4B-00C04F79EFBC}") = "Snapshot.TestSite", "tests\Snapshot.TestSite\Snapshot.TestSite.csproj", "{A4A881AC-94F6-539E-AD8F-B358CF7714D1}"
EndProject
Project("{FAE04EC0-301F-11D3-BF4B-00C04F79EFBC}") = "Snapshot.LoadTests", "tests\Snapshot.LoadTests\Snapshot.LoadTests.csproj", "{5E2D0E23-6789-5685-9BA2-EF1BB9B14B67}"
EndProject
Global
	GlobalSection(SolutionConfigurationPlatforms) = preSolution
		Debug|Any CPU = Debug|Any CPU
		Release|Any CPU = Release|Any CPU
	EndGlobalSection
	GlobalSection(ProjectConfigurationPlatforms) = postSolution
		{4346526A-D979-5352-B0F5-EFCB8B859339}.Debug|Any CPU.ActiveCfg = Debug|Any CPU
		{4346526A-D979-5352-B0F5-EFCB8B859339}.Debug|Any CPU.Build.0 = Debug|Any CPU
		{4346526A-D979-5352-B0F5-EFCB8B859339}.Release|Any CPU.ActiveCfg = Release|Any CPU
		{4346526A-D979-5352-B0F5-EFCB8B859339}.Release|Any CPU.Build.0 = Release|Any CPU
		{AF8A095B-071D-59DB-A700-97E540157B3F}.Debug|Any CPU.ActiveCfg = Debug|Any CPU
		{AF8A095B-071D-59DB-A700-97E540157B3F}.Debug|Any CPU.Build.0 = Debug|Any CPU
		{AF8A095B-071D-59DB-A700-97E540157B3F}.Release|Any CPU.ActiveCfg = Release|Any CPU
		{AF8A095B-071D-59DB-A700-97E540157B3F}.Release|Any CPU.Build.0 = Release|Any CPU
		{C6C302AC-96EA-5094-925B-259F76A842CD}.Debug|Any CPU.ActiveCfg = Debug|Any CPU
		{C6C302AC-96EA-5094-925B-259F76A842CD}.Debug|Any CPU.Build.0 = Debug|Any CPU
		{C6C302AC-96EA-5094-925B-259F76A842CD}.Release|Any CPU.ActiveCfg = Release|Any CPU
		{C6C302AC-96EA-5094-925B-259F76A842CD}.Release|Any CPU.Build.0 = Release|Any CPU
		{D962A2E5-1E96-510A-95C7-5D6ADE05C538}.Debug|Any CPU.ActiveCfg = Debug|Any CPU
		{D962A2E5-1E96-510A-95C7-5D6ADE05C538}.Debug|Any CPU.Build.0 = Debug|Any CPU
		{D962A2E5-1E96-510A-95C7-5D6ADE05C538}.Release|Any CPU.ActiveCfg = Release|Any CPU
		{D962A2E5-1E96-510A-95C7-5D6ADE05C538}.Release|Any CPU.Build.0 = Release|Any CPU
		{EBA4A3AE-BE90-5EC4-AEE1-C06DE9ED91BB}.Debug|Any CPU.ActiveCfg = Debug|Any CPU
		{EBA4A3AE-BE90-5EC4-AEE1-C06DE9ED91BB}.Debug|Any CPU.Build.0 = Debug|Any CPU
		{EBA4A3AE-BE90-5EC4-AEE1-C06DE9ED91BB}.Release|Any CPU.ActiveCfg = Release|Any CPU
		{EBA4A3AE-BE90-5EC4-AEE1-C06DE9ED91BB}.Release|Any CPU.Build.0 = Release|Any CPU
		{50934ABF-F155-5A7D-8CE5-7CD0CDC01DA5}.Debug|Any CPU.ActiveCfg = Debug|Any CPU
		{50934ABF-F155-5A7D-8CE5-7CD0CDC01DA5}.Debug|Any CPU.Build.0 = Debug|Any CPU
		{50934ABF-F155-5A7D-8CE5-7CD0CDC01DA5}.Release|Any CPU.ActiveCfg = Release|Any CPU
		{50934ABF-F155-5A7D-8CE5-7CD0CDC01DA5}.Release|Any CPU.Build.0 = Release|Any CPU
		{CE8570C8-3ED1-572C-AA4B-C06D8D4C8854}.Debug|Any CPU.ActiveCfg = Debug|Any CPU
		{CE8570C8-3ED1-572C-AA4B-C06D8D4C8854}.Debug|Any CPU.Build.0 = Debug|Any CPU
		{CE8570C8-3ED1-572C-AA4B-C06D8D4C8854}.Release|Any CPU.ActiveCfg = Release|Any CPU
		{CE8570C8-3ED1-572C-AA4B-C06D8D4C8854}.Release|Any CPU.Build.0 = Release|Any CPU
		{A4A881AC-94F6-539E-AD8F-B358CF7714D1}.Debug|Any CPU.ActiveCfg = Debug|Any CPU
		{A4A881AC-94F6-539E-AD8F-B358CF7714D1}.Debug|Any CPU.Build.0 = Debug|Any CPU
		{A4A881AC-94F6-539E-AD8F-B358CF7714D1}.Release|Any CPU.ActiveCfg = Release|Any CPU
		{A4A881AC-94F6-539E-AD8F-B358CF7714D1}.Release|Any CPU.Build.0 = Release|Any CPU
		{5E2D0E23-6789-5685-9BA2-EF1BB9B14B67}.Debug|Any CPU.ActiveCfg = Debug|Any CPU
		{5E2D0E23-6789-5685-9BA2-EF1BB9B14B67}.Debug|Any CPU.Build.0 = Debug|Any CPU
		{5E2D0E23-6789-5685-9BA2-EF1BB9B14B67}.Release|Any CPU.ActiveCfg = Release|Any CPU
		{5E2D0E23-6789-5685-9BA2-EF1BB9B14B67}.Release|Any CPU.Build.0 = Release|Any CPU
	EndGlobalSection
	GlobalSection(SolutionProperties) = preSolution
		HideSolutionNode = FALSE
	EndGlobalSection
EndGlobal
